// !$*UTF8*$!
{
	archiveVersion = 1;
	classes = {
	};
	objectVersion = 56;
	objects = {

/* Begin PBXBuildFile section */
		4C072E852AD264A000477675 /* SettingsView.swift in Sources */ = {isa = PBXBuildFile; fileRef = 4C072E842AD264A000477675 /* SettingsView.swift */; };
		4C0871ED2ACC043D00033787 /* Search_AssistantApp.swift in Sources */ = {isa = PBXBuildFile; fileRef = 4C0871EC2ACC043D00033787 /* Search_AssistantApp.swift */; };
		4C0871EF2ACC043D00033787 /* ContentView.swift in Sources */ = {isa = PBXBuildFile; fileRef = 4C0871EE2ACC043D00033787 /* ContentView.swift */; };
		4C0871F12ACC043E00033787 /* Assets.xcassets in Resources */ = {isa = PBXBuildFile; fileRef = 4C0871F02ACC043E00033787 /* Assets.xcassets */; };
		4C0871F42ACC043E00033787 /* Preview Assets.xcassets in Resources */ = {isa = PBXBuildFile; fileRef = 4C0871F32ACC043E00033787 /* Preview Assets.xcassets */; };
		4C0872012ACC059B00033787 /* WidgetKit.framework in Frameworks */ = {isa = PBXBuildFile; fileRef = 4C0872002ACC059B00033787 /* WidgetKit.framework */; };
		4C0872032ACC059B00033787 /* SwiftUI.framework in Frameworks */ = {isa = PBXBuildFile; fileRef = 4C0872022ACC059B00033787 /* SwiftUI.framework */; };
		4C0872062ACC059B00033787 /* SAWidgetBundle.swift in Sources */ = {isa = PBXBuildFile; fileRef = 4C0872052ACC059B00033787 /* SAWidgetBundle.swift */; };
		4C0872082ACC059B00033787 /* SAWidget.swift in Sources */ = {isa = PBXBuildFile; fileRef = 4C0872072ACC059B00033787 /* SAWidget.swift */; };
		4C08720A2ACC059E00033787 /* Assets.xcassets in Resources */ = {isa = PBXBuildFile; fileRef = 4C0872092ACC059E00033787 /* Assets.xcassets */; };
		4C08720E2ACC059E00033787 /* SAWidgetExtension.appex in Embed Foundation Extensions */ = {isa = PBXBuildFile; fileRef = 4C0871FE2ACC059B00033787 /* SAWidgetExtension.appex */; settings = {ATTRIBUTES = (RemoveHeadersOnCopy, ); }; };
		4C0872442ACC14F400033787 /* ViewModel.swift in Sources */ = {isa = PBXBuildFile; fileRef = 4C0872432ACC14F400033787 /* ViewModel.swift */; };
		4C0872462ACC150F00033787 /* HistoryModel.swift in Sources */ = {isa = PBXBuildFile; fileRef = 4C0872452ACC150F00033787 /* HistoryModel.swift */; };
		4C24C0AF2ACD2740000A604E /* SearchButton.swift in Sources */ = {isa = PBXBuildFile; fileRef = 4C24C0AE2ACD2740000A604E /* SearchButton.swift */; };
		4C24C0B22ACD28A9000A604E /* toolbarWithSearchButtons.swift in Sources */ = {isa = PBXBuildFile; fileRef = 4C24C0B12ACD28A9000A604E /* toolbarWithSearchButtons.swift */; };
		4C24C0B42ACD2A5B000A604E /* Platform.swift in Sources */ = {isa = PBXBuildFile; fileRef = 4C24C0B32ACD2A5B000A604E /* Platform.swift */; };
		4C24C0B62ACD2A66000A604E /* Error.swift in Sources */ = {isa = PBXBuildFile; fileRef = 4C24C0B52ACD2A66000A604E /* Error.swift */; };
		4C36B6A82AD2AFEE00875FDC /* DateFormatterModel.swift in Sources */ = {isa = PBXBuildFile; fileRef = 4C36B6A72AD2AFEE00875FDC /* DateFormatterModel.swift */; };
		4C42169A2AD2C844000AF20A /* HistorysList.swift in Sources */ = {isa = PBXBuildFile; fileRef = 4C4216992AD2C844000AF20A /* HistorysList.swift */; };
		4C42169C2AD2C850000AF20A /* SuggestionsList.swift in Sources */ = {isa = PBXBuildFile; fileRef = 4C42169B2AD2C850000AF20A /* SuggestionsList.swift */; };
		4C446F032AD4F6270023C4F1 /* ViewRouter.swift in Sources */ = {isa = PBXBuildFile; fileRef = 4C446F022AD4F6270023C4F1 /* ViewRouter.swift */; };
		4C6AE3F62AD2A5B500863115 /* SearchTextField.swift in Sources */ = {isa = PBXBuildFile; fileRef = 4C6AE3F52AD2A5B500863115 /* SearchTextField.swift */; };
		4C6B127E2ACE339600324302 /* SearcherModel.swift in Sources */ = {isa = PBXBuildFile; fileRef = 4C6B127D2ACE339600324302 /* SearcherModel.swift */; };
		4CB14D292AD433D300854078 /* SplashScreenView.swift in Sources */ = {isa = PBXBuildFile; fileRef = 4CB14D282AD433D300854078 /* SplashScreenView.swift */; };
		4CB68C622ACD3041004C9E43 /* praceAtAppropriatePositionIfInZStack.swift in Sources */ = {isa = PBXBuildFile; fileRef = 4CB68C612ACD3041004C9E43 /* praceAtAppropriatePositionIfInZStack.swift */; };
		4CB68C642ACD37EC004C9E43 /* SuggestionModel.swift in Sources */ = {isa = PBXBuildFile; fileRef = 4CB68C632ACD37EC004C9E43 /* SuggestionModel.swift */; };
/* End PBXBuildFile section */

/* Begin PBXContainerItemProxy section */
		4C08720C2ACC059E00033787 /* PBXContainerItemProxy */ = {
			isa = PBXContainerItemProxy;
			containerPortal = 4C0871E12ACC043D00033787 /* Project object */;
			proxyType = 1;
			remoteGlobalIDString = 4C0871FD2ACC059B00033787;
			remoteInfo = SAWidgetExtension;
		};
/* End PBXContainerItemProxy section */

/* Begin PBXCopyFilesBuildPhase section */
		4C0872122ACC059E00033787 /* Embed Foundation Extensions */ = {
			isa = PBXCopyFilesBuildPhase;
			buildActionMask = 2147483647;
			dstPath = "";
			dstSubfolderSpec = 13;
			files = (
				4C08720E2ACC059E00033787 /* SAWidgetExtension.appex in Embed Foundation Extensions */,
			);
			name = "Embed Foundation Extensions";
			runOnlyForDeploymentPostprocessing = 0;
		};
/* End PBXCopyFilesBuildPhase section */

/* Begin PBXFileReference section */
		4C072E842AD264A000477675 /* SettingsView.swift */ = {isa = PBXFileReference; lastKnownFileType = sourcecode.swift; path = SettingsView.swift; sourceTree = "<group>"; };
		4C0871E92ACC043D00033787 /* Search Assistant.app */ = {isa = PBXFileReference; explicitFileType = wrapper.application; includeInIndex = 0; path = "Search Assistant.app"; sourceTree = BUILT_PRODUCTS_DIR; };
		4C0871EC2ACC043D00033787 /* Search_AssistantApp.swift */ = {isa = PBXFileReference; lastKnownFileType = sourcecode.swift; path = Search_AssistantApp.swift; sourceTree = "<group>"; };
		4C0871EE2ACC043D00033787 /* ContentView.swift */ = {isa = PBXFileReference; lastKnownFileType = sourcecode.swift; path = ContentView.swift; sourceTree = "<group>"; };
		4C0871F02ACC043E00033787 /* Assets.xcassets */ = {isa = PBXFileReference; lastKnownFileType = folder.assetcatalog; path = Assets.xcassets; sourceTree = "<group>"; };
		4C0871F32ACC043E00033787 /* Preview Assets.xcassets */ = {isa = PBXFileReference; lastKnownFileType = folder.assetcatalog; path = "Preview Assets.xcassets"; sourceTree = "<group>"; };
		4C0871FE2ACC059B00033787 /* SAWidgetExtension.appex */ = {isa = PBXFileReference; explicitFileType = "wrapper.app-extension"; includeInIndex = 0; path = SAWidgetExtension.appex; sourceTree = BUILT_PRODUCTS_DIR; };
		4C0872002ACC059B00033787 /* WidgetKit.framework */ = {isa = PBXFileReference; lastKnownFileType = wrapper.framework; name = WidgetKit.framework; path = System/Library/Frameworks/WidgetKit.framework; sourceTree = SDKROOT; };
		4C0872022ACC059B00033787 /* SwiftUI.framework */ = {isa = PBXFileReference; lastKnownFileType = wrapper.framework; name = SwiftUI.framework; path = System/Library/Frameworks/SwiftUI.framework; sourceTree = SDKROOT; };
		4C0872052ACC059B00033787 /* SAWidgetBundle.swift */ = {isa = PBXFileReference; lastKnownFileType = sourcecode.swift; path = SAWidgetBundle.swift; sourceTree = "<group>"; };
		4C0872072ACC059B00033787 /* SAWidget.swift */ = {isa = PBXFileReference; lastKnownFileType = sourcecode.swift; path = SAWidget.swift; sourceTree = "<group>"; };
		4C0872092ACC059E00033787 /* Assets.xcassets */ = {isa = PBXFileReference; lastKnownFileType = folder.assetcatalog; path = Assets.xcassets; sourceTree = "<group>"; };
		4C08720B2ACC059E00033787 /* Info.plist */ = {isa = PBXFileReference; lastKnownFileType = text.plist.xml; path = Info.plist; sourceTree = "<group>"; };
		4C0872412ACC10C700033787 /* Rules */ = {isa = PBXFileReference; lastKnownFileType = text; path = Rules; sourceTree = "<group>"; };
		4C0872422ACC10D900033787 /* Memo */ = {isa = PBXFileReference; lastKnownFileType = text; path = Memo; sourceTree = "<group>"; };
		4C0872432ACC14F400033787 /* ViewModel.swift */ = {isa = PBXFileReference; lastKnownFileType = sourcecode.swift; path = ViewModel.swift; sourceTree = "<group>"; };
		4C0872452ACC150F00033787 /* HistoryModel.swift */ = {isa = PBXFileReference; lastKnownFileType = sourcecode.swift; path = HistoryModel.swift; sourceTree = "<group>"; };
		4C24C0AE2ACD2740000A604E /* SearchButton.swift */ = {isa = PBXFileReference; lastKnownFileType = sourcecode.swift; path = SearchButton.swift; sourceTree = "<group>"; };
		4C24C0B12ACD28A9000A604E /* toolbarWithSearchButtons.swift */ = {isa = PBXFileReference; lastKnownFileType = sourcecode.swift; path = toolbarWithSearchButtons.swift; sourceTree = "<group>"; };
		4C24C0B32ACD2A5B000A604E /* Platform.swift */ = {isa = PBXFileReference; lastKnownFileType = sourcecode.swift; path = Platform.swift; sourceTree = "<group>"; };
		4C24C0B52ACD2A66000A604E /* Error.swift */ = {isa = PBXFileReference; lastKnownFileType = sourcecode.swift; path = Error.swift; sourceTree = "<group>"; };
		4C36B6A72AD2AFEE00875FDC /* DateFormatterModel.swift */ = {isa = PBXFileReference; lastKnownFileType = sourcecode.swift; path = DateFormatterModel.swift; sourceTree = "<group>"; };
		4C4216992AD2C844000AF20A /* HistorysList.swift */ = {isa = PBXFileReference; lastKnownFileType = sourcecode.swift; path = HistorysList.swift; sourceTree = "<group>"; };
		4C42169B2AD2C850000AF20A /* SuggestionsList.swift */ = {isa = PBXFileReference; lastKnownFileType = sourcecode.swift; path = SuggestionsList.swift; sourceTree = "<group>"; };
		4C446F022AD4F6270023C4F1 /* ViewRouter.swift */ = {isa = PBXFileReference; lastKnownFileType = sourcecode.swift; path = ViewRouter.swift; sourceTree = "<group>"; };
		4C6AE3F52AD2A5B500863115 /* SearchTextField.swift */ = {isa = PBXFileReference; lastKnownFileType = sourcecode.swift; path = SearchTextField.swift; sourceTree = "<group>"; };
		4C6B127D2ACE339600324302 /* SearcherModel.swift */ = {isa = PBXFileReference; lastKnownFileType = sourcecode.swift; path = SearcherModel.swift; sourceTree = "<group>"; };
		4CB14D282AD433D300854078 /* SplashScreenView.swift */ = {isa = PBXFileReference; lastKnownFileType = sourcecode.swift; path = SplashScreenView.swift; sourceTree = "<group>"; };
		4CB68C612ACD3041004C9E43 /* praceAtAppropriatePositionIfInZStack.swift */ = {isa = PBXFileReference; lastKnownFileType = sourcecode.swift; path = praceAtAppropriatePositionIfInZStack.swift; sourceTree = "<group>"; };
		4CB68C632ACD37EC004C9E43 /* SuggestionModel.swift */ = {isa = PBXFileReference; lastKnownFileType = sourcecode.swift; path = SuggestionModel.swift; sourceTree = "<group>"; };
		4CD455F22AD3C8790092E95A /* Search-Assistant-Info.plist */ = {isa = PBXFileReference; lastKnownFileType = text.plist; path = "Search-Assistant-Info.plist"; sourceTree = SOURCE_ROOT; };
/* End PBXFileReference section */

/* Begin PBXFrameworksBuildPhase section */
		4C0871E62ACC043D00033787 /* Frameworks */ = {
			isa = PBXFrameworksBuildPhase;
			buildActionMask = 2147483647;
			files = (
			);
			runOnlyForDeploymentPostprocessing = 0;
		};
		4C0871FB2ACC059B00033787 /* Frameworks */ = {
			isa = PBXFrameworksBuildPhase;
			buildActionMask = 2147483647;
			files = (
				4C0872032ACC059B00033787 /* SwiftUI.framework in Frameworks */,
				4C0872012ACC059B00033787 /* WidgetKit.framework in Frameworks */,
			);
			runOnlyForDeploymentPostprocessing = 0;
		};
/* End PBXFrameworksBuildPhase section */

/* Begin PBXGroup section */
		4C072E812AD263E300477675 /* ContentView */ = {
			isa = PBXGroup;
			children = (
				4C0871EE2ACC043D00033787 /* ContentView.swift */,
				4C24C0AC2ACD2700000A604E /* Component */,
				4C24C0B02ACD2820000A604E /* Modifier */,
			);
			path = ContentView;
			sourceTree = "<group>";
		};
		4C072E832AD2647400477675 /* SettingsView */ = {
			isa = PBXGroup;
			children = (
				4C072E842AD264A000477675 /* SettingsView.swift */,
			);
			path = SettingsView;
			sourceTree = "<group>";
		};
		4C0871E02ACC043D00033787 = {
			isa = PBXGroup;
			children = (
				4C0872402ACC0F6200033787 /* ProjectAssets */,
				4C0871EB2ACC043D00033787 /* Search Assistant */,
				4C0872042ACC059B00033787 /* SAWidget */,
				4C0871FF2ACC059B00033787 /* Frameworks */,
				4C0871EA2ACC043D00033787 /* Products */,
			);
			sourceTree = "<group>";
		};
		4C0871EA2ACC043D00033787 /* Products */ = {
			isa = PBXGroup;
			children = (
				4C0871E92ACC043D00033787 /* Search Assistant.app */,
				4C0871FE2ACC059B00033787 /* SAWidgetExtension.appex */,
			);
			name = Products;
			sourceTree = "<group>";
		};
		4C0871EB2ACC043D00033787 /* Search Assistant */ = {
			isa = PBXGroup;
			children = (
				4CD455F22AD3C8790092E95A /* Search-Assistant-Info.plist */,
				4C0871EC2ACC043D00033787 /* Search_AssistantApp.swift */,
				4C24C0A72ACD264C000A604E /* Views */,
				4C24C0AA2ACD267D000A604E /* Models */,
				4C24C0AB2ACD2683000A604E /* Others */,
				4C0871F02ACC043E00033787 /* Assets.xcassets */,
				4C0871F22ACC043E00033787 /* Preview Content */,
			);
			path = "Search Assistant";
			sourceTree = "<group>";
		};
		4C0871F22ACC043E00033787 /* Preview Content */ = {
			isa = PBXGroup;
			children = (
				4C0871F32ACC043E00033787 /* Preview Assets.xcassets */,
			);
			path = "Preview Content";
			sourceTree = "<group>";
		};
		4C0871FF2ACC059B00033787 /* Frameworks */ = {
			isa = PBXGroup;
			children = (
				4C0872002ACC059B00033787 /* WidgetKit.framework */,
				4C0872022ACC059B00033787 /* SwiftUI.framework */,
			);
			name = Frameworks;
			sourceTree = "<group>";
		};
		4C0872042ACC059B00033787 /* SAWidget */ = {
			isa = PBXGroup;
			children = (
				4C0872052ACC059B00033787 /* SAWidgetBundle.swift */,
				4C0872072ACC059B00033787 /* SAWidget.swift */,
				4C0872092ACC059E00033787 /* Assets.xcassets */,
				4C08720B2ACC059E00033787 /* Info.plist */,
			);
			path = SAWidget;
			sourceTree = "<group>";
		};
		4C0872402ACC0F6200033787 /* ProjectAssets */ = {
			isa = PBXGroup;
			children = (
				4C0872412ACC10C700033787 /* Rules */,
				4C0872422ACC10D900033787 /* Memo */,
			);
			path = ProjectAssets;
			sourceTree = "<group>";
		};
		4C24C0A72ACD264C000A604E /* Views */ = {
			isa = PBXGroup;
			children = (
				4C24C0AD2ACD2705000A604E /* View */,
			);
			path = Views;
			sourceTree = "<group>";
		};
		4C24C0AA2ACD267D000A604E /* Models */ = {
			isa = PBXGroup;
			children = (
				4C0872432ACC14F400033787 /* ViewModel.swift */,
				4C6B127D2ACE339600324302 /* SearcherModel.swift */,
				4C0872452ACC150F00033787 /* HistoryModel.swift */,
				4CB68C632ACD37EC004C9E43 /* SuggestionModel.swift */,
				4C36B6A72AD2AFEE00875FDC /* DateFormatterModel.swift */,
			);
			path = Models;
			sourceTree = "<group>";
		};
		4C24C0AB2ACD2683000A604E /* Others */ = {
			isa = PBXGroup;
			children = (
				4C24C0B32ACD2A5B000A604E /* Platform.swift */,
				4C24C0B52ACD2A66000A604E /* Error.swift */,
				4C446F022AD4F6270023C4F1 /* ViewRouter.swift */,
			);
			path = Others;
			sourceTree = "<group>";
		};
		4C24C0AC2ACD2700000A604E /* Component */ = {
			isa = PBXGroup;
			children = (
				4C6AE3F52AD2A5B500863115 /* SearchTextField.swift */,
				4C4216992AD2C844000AF20A /* HistorysList.swift */,
				4C42169B2AD2C850000AF20A /* SuggestionsList.swift */,
				4C24C0AE2ACD2740000A604E /* SearchButton.swift */,
			);
			path = Component;
			sourceTree = "<group>";
		};
		4C24C0AD2ACD2705000A604E /* View */ = {
			isa = PBXGroup;
			children = (
				4C072E812AD263E300477675 /* ContentView */,
				4CB14D272AD433A200854078 /* SplashScreenView */,
				4C072E832AD2647400477675 /* SettingsView */,
			);
			path = View;
			sourceTree = "<group>";
		};
		4C24C0B02ACD2820000A604E /* Modifier */ = {
			isa = PBXGroup;
			children = (
				4C24C0B12ACD28A9000A604E /* toolbarWithSearchButtons.swift */,
				4CB68C612ACD3041004C9E43 /* praceAtAppropriatePositionIfInZStack.swift */,
			);
			path = Modifier;
			sourceTree = "<group>";
		};
		4CB14D272AD433A200854078 /* SplashScreenView */ = {
			isa = PBXGroup;
			children = (
				4CB14D282AD433D300854078 /* SplashScreenView.swift */,
			);
			path = SplashScreenView;
			sourceTree = "<group>";
		};
/* End PBXGroup section */

/* Begin PBXNativeTarget section */
		4C0871E82ACC043D00033787 /* Search Assistant */ = {
			isa = PBXNativeTarget;
			buildConfigurationList = 4C0871F72ACC043E00033787 /* Build configuration list for PBXNativeTarget "Search Assistant" */;
			buildPhases = (
				4C0871E52ACC043D00033787 /* Sources */,
				4C0871E62ACC043D00033787 /* Frameworks */,
				4C0871E72ACC043D00033787 /* Resources */,
				4C0872122ACC059E00033787 /* Embed Foundation Extensions */,
			);
			buildRules = (
			);
			dependencies = (
				4C08720D2ACC059E00033787 /* PBXTargetDependency */,
			);
			name = "Search Assistant";
			productName = "Search Assistant";
			productReference = 4C0871E92ACC043D00033787 /* Search Assistant.app */;
			productType = "com.apple.product-type.application";
		};
		4C0871FD2ACC059B00033787 /* SAWidgetExtension */ = {
			isa = PBXNativeTarget;
			buildConfigurationList = 4C08720F2ACC059E00033787 /* Build configuration list for PBXNativeTarget "SAWidgetExtension" */;
			buildPhases = (
				4C0871FA2ACC059B00033787 /* Sources */,
				4C0871FB2ACC059B00033787 /* Frameworks */,
				4C0871FC2ACC059B00033787 /* Resources */,
			);
			buildRules = (
			);
			dependencies = (
			);
			name = SAWidgetExtension;
			productName = SAWidgetExtension;
			productReference = 4C0871FE2ACC059B00033787 /* SAWidgetExtension.appex */;
			productType = "com.apple.product-type.app-extension";
		};
/* End PBXNativeTarget section */

/* Begin PBXProject section */
		4C0871E12ACC043D00033787 /* Project object */ = {
			isa = PBXProject;
			attributes = {
				BuildIndependentTargetsInParallel = 1;
				LastSwiftUpdateCheck = 1500;
				LastUpgradeCheck = 1500;
				TargetAttributes = {
					4C0871E82ACC043D00033787 = {
						CreatedOnToolsVersion = 15.0;
					};
					4C0871FD2ACC059B00033787 = {
						CreatedOnToolsVersion = 15.0;
					};
				};
			};
			buildConfigurationList = 4C0871E42ACC043D00033787 /* Build configuration list for PBXProject "Search Assistant" */;
			compatibilityVersion = "Xcode 14.0";
			developmentRegion = en;
			hasScannedForEncodings = 0;
			knownRegions = (
				en,
				Base,
			);
			mainGroup = 4C0871E02ACC043D00033787;
			productRefGroup = 4C0871EA2ACC043D00033787 /* Products */;
			projectDirPath = "";
			projectRoot = "";
			targets = (
				4C0871E82ACC043D00033787 /* Search Assistant */,
				4C0871FD2ACC059B00033787 /* SAWidgetExtension */,
			);
		};
/* End PBXProject section */

/* Begin PBXResourcesBuildPhase section */
		4C0871E72ACC043D00033787 /* Resources */ = {
			isa = PBXResourcesBuildPhase;
			buildActionMask = 2147483647;
			files = (
				4C0871F42ACC043E00033787 /* Preview Assets.xcassets in Resources */,
				4C0871F12ACC043E00033787 /* Assets.xcassets in Resources */,
			);
			runOnlyForDeploymentPostprocessing = 0;
		};
		4C0871FC2ACC059B00033787 /* Resources */ = {
			isa = PBXResourcesBuildPhase;
			buildActionMask = 2147483647;
			files = (
				4C08720A2ACC059E00033787 /* Assets.xcassets in Resources */,
			);
			runOnlyForDeploymentPostprocessing = 0;
		};
/* End PBXResourcesBuildPhase section */

/* Begin PBXSourcesBuildPhase section */
		4C0871E52ACC043D00033787 /* Sources */ = {
			isa = PBXSourcesBuildPhase;
			buildActionMask = 2147483647;
			files = (
				4CB14D292AD433D300854078 /* SplashScreenView.swift in Sources */,
				4C36B6A82AD2AFEE00875FDC /* DateFormatterModel.swift in Sources */,
				4CB68C622ACD3041004C9E43 /* praceAtAppropriatePositionIfInZStack.swift in Sources */,
				4C24C0B62ACD2A66000A604E /* Error.swift in Sources */,
				4C24C0B42ACD2A5B000A604E /* Platform.swift in Sources */,
				4C24C0AF2ACD2740000A604E /* SearchButton.swift in Sources */,
				4C6B127E2ACE339600324302 /* SearcherModel.swift in Sources */,
				4C24C0B22ACD28A9000A604E /* toolbarWithSearchButtons.swift in Sources */,
				4C42169C2AD2C850000AF20A /* SuggestionsList.swift in Sources */,
				4C446F032AD4F6270023C4F1 /* ViewRouter.swift in Sources */,
				4C0872462ACC150F00033787 /* HistoryModel.swift in Sources */,
				4C0871EF2ACC043D00033787 /* ContentView.swift in Sources */,
				4C42169A2AD2C844000AF20A /* HistorysList.swift in Sources */,
				4CB68C642ACD37EC004C9E43 /* SuggestionModel.swift in Sources */,
				4C072E852AD264A000477675 /* SettingsView.swift in Sources */,
				4C0872442ACC14F400033787 /* ViewModel.swift in Sources */,
				4C0871ED2ACC043D00033787 /* Search_AssistantApp.swift in Sources */,
				4C6AE3F62AD2A5B500863115 /* SearchTextField.swift in Sources */,
			);
			runOnlyForDeploymentPostprocessing = 0;
		};
		4C0871FA2ACC059B00033787 /* Sources */ = {
			isa = PBXSourcesBuildPhase;
			buildActionMask = 2147483647;
			files = (
				4C0872062ACC059B00033787 /* SAWidgetBundle.swift in Sources */,
				4C0872082ACC059B00033787 /* SAWidget.swift in Sources */,
			);
			runOnlyForDeploymentPostprocessing = 0;
		};
/* End PBXSourcesBuildPhase section */

/* Begin PBXTargetDependency section */
		4C08720D2ACC059E00033787 /* PBXTargetDependency */ = {
			isa = PBXTargetDependency;
			target = 4C0871FD2ACC059B00033787 /* SAWidgetExtension */;
			targetProxy = 4C08720C2ACC059E00033787 /* PBXContainerItemProxy */;
		};
/* End PBXTargetDependency section */

/* Begin XCBuildConfiguration section */
		4C0871F52ACC043E00033787 /* Debug */ = {
			isa = XCBuildConfiguration;
			buildSettings = {
				ALWAYS_SEARCH_USER_PATHS = NO;
				ASSETCATALOG_COMPILER_GENERATE_SWIFT_ASSET_SYMBOL_EXTENSIONS = YES;
				CLANG_ANALYZER_NONNULL = YES;
				CLANG_ANALYZER_NUMBER_OBJECT_CONVERSION = YES_AGGRESSIVE;
				CLANG_CXX_LANGUAGE_STANDARD = "gnu++20";
				CLANG_ENABLE_MODULES = YES;
				CLANG_ENABLE_OBJC_ARC = YES;
				CLANG_ENABLE_OBJC_WEAK = YES;
				CLANG_WARN_BLOCK_CAPTURE_AUTORELEASING = YES;
				CLANG_WARN_BOOL_CONVERSION = YES;
				CLANG_WARN_COMMA = YES;
				CLANG_WARN_CONSTANT_CONVERSION = YES;
				CLANG_WARN_DEPRECATED_OBJC_IMPLEMENTATIONS = YES;
				CLANG_WARN_DIRECT_OBJC_ISA_USAGE = YES_ERROR;
				CLANG_WARN_DOCUMENTATION_COMMENTS = YES;
				CLANG_WARN_EMPTY_BODY = YES;
				CLANG_WARN_ENUM_CONVERSION = YES;
				CLANG_WARN_INFINITE_RECURSION = YES;
				CLANG_WARN_INT_CONVERSION = YES;
				CLANG_WARN_NON_LITERAL_NULL_CONVERSION = YES;
				CLANG_WARN_OBJC_IMPLICIT_RETAIN_SELF = YES;
				CLANG_WARN_OBJC_LITERAL_CONVERSION = YES;
				CLANG_WARN_OBJC_ROOT_CLASS = YES_ERROR;
				CLANG_WARN_QUOTED_INCLUDE_IN_FRAMEWORK_HEADER = YES;
				CLANG_WARN_RANGE_LOOP_ANALYSIS = YES;
				CLANG_WARN_STRICT_PROTOTYPES = YES;
				CLANG_WARN_SUSPICIOUS_MOVE = YES;
				CLANG_WARN_UNGUARDED_AVAILABILITY = YES_AGGRESSIVE;
				CLANG_WARN_UNREACHABLE_CODE = YES;
				CLANG_WARN__DUPLICATE_METHOD_MATCH = YES;
				COPY_PHASE_STRIP = NO;
				DEBUG_INFORMATION_FORMAT = dwarf;
				ENABLE_STRICT_OBJC_MSGSEND = YES;
				ENABLE_TESTABILITY = YES;
				ENABLE_USER_SCRIPT_SANDBOXING = YES;
				GCC_C_LANGUAGE_STANDARD = gnu17;
				GCC_DYNAMIC_NO_PIC = NO;
				GCC_NO_COMMON_BLOCKS = YES;
				GCC_OPTIMIZATION_LEVEL = 0;
				GCC_PREPROCESSOR_DEFINITIONS = (
					"DEBUG=1",
					"$(inherited)",
				);
				GCC_WARN_64_TO_32_BIT_CONVERSION = YES;
				GCC_WARN_ABOUT_RETURN_TYPE = YES_ERROR;
				GCC_WARN_UNDECLARED_SELECTOR = YES;
				GCC_WARN_UNINITIALIZED_AUTOS = YES_AGGRESSIVE;
				GCC_WARN_UNUSED_FUNCTION = YES;
				GCC_WARN_UNUSED_VARIABLE = YES;
				IPHONEOS_DEPLOYMENT_TARGET = 16.1;
				LOCALIZATION_PREFERS_STRING_CATALOGS = YES;
				MTL_ENABLE_DEBUG_INFO = INCLUDE_SOURCE;
				MTL_FAST_MATH = YES;
				ONLY_ACTIVE_ARCH = YES;
				SDKROOT = iphoneos;
				SWIFT_ACTIVE_COMPILATION_CONDITIONS = "DEBUG $(inherited)";
				SWIFT_OPTIMIZATION_LEVEL = "-Onone";
			};
			name = Debug;
		};
		4C0871F62ACC043E00033787 /* Release */ = {
			isa = XCBuildConfiguration;
			buildSettings = {
				ALWAYS_SEARCH_USER_PATHS = NO;
				ASSETCATALOG_COMPILER_GENERATE_SWIFT_ASSET_SYMBOL_EXTENSIONS = YES;
				CLANG_ANALYZER_NONNULL = YES;
				CLANG_ANALYZER_NUMBER_OBJECT_CONVERSION = YES_AGGRESSIVE;
				CLANG_CXX_LANGUAGE_STANDARD = "gnu++20";
				CLANG_ENABLE_MODULES = YES;
				CLANG_ENABLE_OBJC_ARC = YES;
				CLANG_ENABLE_OBJC_WEAK = YES;
				CLANG_WARN_BLOCK_CAPTURE_AUTORELEASING = YES;
				CLANG_WARN_BOOL_CONVERSION = YES;
				CLANG_WARN_COMMA = YES;
				CLANG_WARN_CONSTANT_CONVERSION = YES;
				CLANG_WARN_DEPRECATED_OBJC_IMPLEMENTATIONS = YES;
				CLANG_WARN_DIRECT_OBJC_ISA_USAGE = YES_ERROR;
				CLANG_WARN_DOCUMENTATION_COMMENTS = YES;
				CLANG_WARN_EMPTY_BODY = YES;
				CLANG_WARN_ENUM_CONVERSION = YES;
				CLANG_WARN_INFINITE_RECURSION = YES;
				CLANG_WARN_INT_CONVERSION = YES;
				CLANG_WARN_NON_LITERAL_NULL_CONVERSION = YES;
				CLANG_WARN_OBJC_IMPLICIT_RETAIN_SELF = YES;
				CLANG_WARN_OBJC_LITERAL_CONVERSION = YES;
				CLANG_WARN_OBJC_ROOT_CLASS = YES_ERROR;
				CLANG_WARN_QUOTED_INCLUDE_IN_FRAMEWORK_HEADER = YES;
				CLANG_WARN_RANGE_LOOP_ANALYSIS = YES;
				CLANG_WARN_STRICT_PROTOTYPES = YES;
				CLANG_WARN_SUSPICIOUS_MOVE = YES;
				CLANG_WARN_UNGUARDED_AVAILABILITY = YES_AGGRESSIVE;
				CLANG_WARN_UNREACHABLE_CODE = YES;
				CLANG_WARN__DUPLICATE_METHOD_MATCH = YES;
				COPY_PHASE_STRIP = NO;
				DEBUG_INFORMATION_FORMAT = "dwarf-with-dsym";
				ENABLE_NS_ASSERTIONS = NO;
				ENABLE_STRICT_OBJC_MSGSEND = YES;
				ENABLE_USER_SCRIPT_SANDBOXING = YES;
				GCC_C_LANGUAGE_STANDARD = gnu17;
				GCC_NO_COMMON_BLOCKS = YES;
				GCC_WARN_64_TO_32_BIT_CONVERSION = YES;
				GCC_WARN_ABOUT_RETURN_TYPE = YES_ERROR;
				GCC_WARN_UNDECLARED_SELECTOR = YES;
				GCC_WARN_UNINITIALIZED_AUTOS = YES_AGGRESSIVE;
				GCC_WARN_UNUSED_FUNCTION = YES;
				GCC_WARN_UNUSED_VARIABLE = YES;
				IPHONEOS_DEPLOYMENT_TARGET = 16.1;
				LOCALIZATION_PREFERS_STRING_CATALOGS = YES;
				MTL_ENABLE_DEBUG_INFO = NO;
				MTL_FAST_MATH = YES;
				SDKROOT = iphoneos;
				SWIFT_COMPILATION_MODE = wholemodule;
				VALIDATE_PRODUCT = YES;
			};
			name = Release;
		};
		4C0871F82ACC043E00033787 /* Debug */ = {
			isa = XCBuildConfiguration;
			buildSettings = {
				ALWAYS_EMBED_SWIFT_STANDARD_LIBRARIES = YES;
				ASSETCATALOG_COMPILER_APPICON_NAME = AppIcon;
				ASSETCATALOG_COMPILER_GLOBAL_ACCENT_COLOR_NAME = AccentColor;
				CODE_SIGN_STYLE = Automatic;
				CURRENT_PROJECT_VERSION = 1;
				DEVELOPMENT_ASSET_PATHS = "\"Search Assistant/Preview Content\"";
				DEVELOPMENT_TEAM = QJC45QJ28B;
				ENABLE_PREVIEWS = YES;
				GENERATE_INFOPLIST_FILE = YES;
				INFOPLIST_FILE = "Search-Assistant-Info.plist";
				INFOPLIST_KEY_UIApplicationSceneManifest_Generation = YES;
				INFOPLIST_KEY_UIApplicationSupportsIndirectInputEvents = YES;
				INFOPLIST_KEY_UILaunchScreen_Generation = YES;
				INFOPLIST_KEY_UISupportedInterfaceOrientations = UIInterfaceOrientationPortrait;
				INFOPLIST_KEY_UISupportedInterfaceOrientations_iPad = "UIInterfaceOrientationLandscapeLeft UIInterfaceOrientationLandscapeRight UIInterfaceOrientationPortrait";
				LD_RUNPATH_SEARCH_PATHS = (
					"$(inherited)",
					"@executable_path/Frameworks",
				);
				MARKETING_VERSION = 1.0;
				PRODUCT_BUNDLE_IDENTIFIER = "com.masaki.Search-Assistant";
				PRODUCT_NAME = "$(TARGET_NAME)";
				SUPPORTED_PLATFORMS = "iphoneos iphonesimulator";
				SUPPORTS_MACCATALYST = NO;
				SUPPORTS_MAC_DESIGNED_FOR_IPHONE_IPAD = NO;
				SWIFT_EMIT_LOC_STRINGS = YES;
				SWIFT_VERSION = 5.0;
				TARGETED_DEVICE_FAMILY = 1;
			};
			name = Debug;
		};
		4C0871F92ACC043E00033787 /* Release */ = {
			isa = XCBuildConfiguration;
			buildSettings = {
				ALWAYS_EMBED_SWIFT_STANDARD_LIBRARIES = YES;
				ASSETCATALOG_COMPILER_APPICON_NAME = AppIcon;
				ASSETCATALOG_COMPILER_GLOBAL_ACCENT_COLOR_NAME = AccentColor;
				CODE_SIGN_STYLE = Automatic;
				CURRENT_PROJECT_VERSION = 1;
				DEVELOPMENT_ASSET_PATHS = "\"Search Assistant/Preview Content\"";
				DEVELOPMENT_TEAM = QJC45QJ28B;
				ENABLE_PREVIEWS = YES;
				GENERATE_INFOPLIST_FILE = YES;
				INFOPLIST_FILE = "Search-Assistant-Info.plist";
				INFOPLIST_KEY_UIApplicationSceneManifest_Generation = YES;
				INFOPLIST_KEY_UIApplicationSupportsIndirectInputEvents = YES;
				INFOPLIST_KEY_UILaunchScreen_Generation = YES;
				INFOPLIST_KEY_UISupportedInterfaceOrientations = UIInterfaceOrientationPortrait;
				INFOPLIST_KEY_UISupportedInterfaceOrientations_iPad = "UIInterfaceOrientationLandscapeLeft UIInterfaceOrientationLandscapeRight UIInterfaceOrientationPortrait";
				LD_RUNPATH_SEARCH_PATHS = (
					"$(inherited)",
					"@executable_path/Frameworks",
				);
				MARKETING_VERSION = 1.0;
				PRODUCT_BUNDLE_IDENTIFIER = "com.masaki.Search-Assistant";
				PRODUCT_NAME = "$(TARGET_NAME)";
				SUPPORTED_PLATFORMS = "iphoneos iphonesimulator";
				SUPPORTS_MACCATALYST = NO;
				SUPPORTS_MAC_DESIGNED_FOR_IPHONE_IPAD = NO;
				SWIFT_EMIT_LOC_STRINGS = YES;
				SWIFT_VERSION = 5.0;
				TARGETED_DEVICE_FAMILY = 1;
			};
			name = Release;
		};
		4C0872102ACC059E00033787 /* Debug */ = {
			isa = XCBuildConfiguration;
			buildSettings = {
				ASSETCATALOG_COMPILER_GLOBAL_ACCENT_COLOR_NAME = AccentColor;
				ASSETCATALOG_COMPILER_WIDGET_BACKGROUND_COLOR_NAME = WidgetBackground;
				CODE_SIGN_STYLE = Automatic;
				CURRENT_PROJECT_VERSION = 1;
				DEVELOPMENT_TEAM = QJC45QJ28B;
				GENERATE_INFOPLIST_FILE = YES;
				INFOPLIST_FILE = SAWidget/Info.plist;
				INFOPLIST_KEY_CFBundleDisplayName = SAWidget;
				INFOPLIST_KEY_NSHumanReadableCopyright = "";
				LD_RUNPATH_SEARCH_PATHS = (
					"$(inherited)",
					"@executable_path/Frameworks",
					"@executable_path/../../Frameworks",
				);
				MARKETING_VERSION = 1.0;
				PRODUCT_BUNDLE_IDENTIFIER = "com.masaki.Search-Assistant.SAWidget";
				PRODUCT_NAME = "$(TARGET_NAME)";
				SKIP_INSTALL = YES;
				SUPPORTED_PLATFORMS = "iphoneos iphonesimulator";
				SUPPORTS_MACCATALYST = NO;
				SUPPORTS_MAC_DESIGNED_FOR_IPHONE_IPAD = NO;
				SWIFT_EMIT_LOC_STRINGS = YES;
				SWIFT_VERSION = 5.0;
				TARGETED_DEVICE_FAMILY = 1;
			};
			name = Debug;
		};
		4C0872112ACC059E00033787 /* Release */ = {
			isa = XCBuildConfiguration;
			buildSettings = {
				ASSETCATALOG_COMPILER_GLOBAL_ACCENT_COLOR_NAME = AccentColor;
				ASSETCATALOG_COMPILER_WIDGET_BACKGROUND_COLOR_NAME = WidgetBackground;
				CODE_SIGN_STYLE = Automatic;
				CURRENT_PROJECT_VERSION = 1;
				DEVELOPMENT_TEAM = QJC45QJ28B;
				GENERATE_INFOPLIST_FILE = YES;
				INFOPLIST_FILE = SAWidget/Info.plist;
				INFOPLIST_KEY_CFBundleDisplayName = SAWidget;
				INFOPLIST_KEY_NSHumanReadableCopyright = "";
				LD_RUNPATH_SEARCH_PATHS = (
					"$(inherited)",
					"@executable_path/Frameworks",
					"@executable_path/../../Frameworks",
				);
				MARKETING_VERSION = 1.0;
				PRODUCT_BUNDLE_IDENTIFIER = "com.masaki.Search-Assistant.SAWidget";
				PRODUCT_NAME = "$(TARGET_NAME)";
				SKIP_INSTALL = YES;
				SUPPORTED_PLATFORMS = "iphoneos iphonesimulator";
				SUPPORTS_MACCATALYST = NO;
				SUPPORTS_MAC_DESIGNED_FOR_IPHONE_IPAD = NO;
				SWIFT_EMIT_LOC_STRINGS = YES;
				SWIFT_VERSION = 5.0;
				TARGETED_DEVICE_FAMILY = 1;
			};
			name = Release;
		};
/* End XCBuildConfiguration section */

/* Begin XCConfigurationList section */
		4C0871E42ACC043D00033787 /* Build configuration list for PBXProject "Search Assistant" */ = {
			isa = XCConfigurationList;
			buildConfigurations = (
				4C0871F52ACC043E00033787 /* Debug */,
				4C0871F62ACC043E00033787 /* Release */,
			);
			defaultConfigurationIsVisible = 0;
			defaultConfigurationName = Release;
		};
		4C0871F72ACC043E00033787 /* Build configuration list for PBXNativeTarget "Search Assistant" */ = {
			isa = XCConfigurationList;
			buildConfigurations = (
				4C0871F82ACC043E00033787 /* Debug */,
				4C0871F92ACC043E00033787 /* Release */,
			);
			defaultConfigurationIsVisible = 0;
			defaultConfigurationName = Release;
		};
		4C08720F2ACC059E00033787 /* Build configuration list for PBXNativeTarget "SAWidgetExtension" */ = {
			isa = XCConfigurationList;
			buildConfigurations = (
				4C0872102ACC059E00033787 /* Debug */,
				4C0872112ACC059E00033787 /* Release */,
			);
			defaultConfigurationIsVisible = 0;
			defaultConfigurationName = Release;
		};
/* End XCConfigurationList section */
	};
	rootObject = 4C0871E12ACC043D00033787 /* Project object */;
}
